
Microsoft Visual Studio Solution File, Format Version 12.00
# Visual Studio Version 16
VisualStudioVersion = 16.0.29503.13
MinimumVisualStudioVersion = 10.0.40219.1
Project("{FAE04EC0-301F-11D3-BF4B-00C04F79EFBC}") = "RealPage.RealEstateProperties.API", "RealPage.RealEstateProperties.API\RealPage.RealEstateProperties.API.csproj", "{0760736E-7F64-4D7F-A968-0EBD2DB4B91B}"
EndProject
Project("{FAE04EC0-301F-11D3-BF4B-00C04F79EFBC}") = "RealPage.RealEstateProperties.Business", "RealPage.RealEstateProperties.Business\RealPage.RealEstateProperties.Business.csproj", "{ECA651A6-3016-4D88-A9A8-27AD60E799EB}"
EndProject
Project("{FAE04EC0-301F-11D3-BF4B-00C04F79EFBC}") = "RealPage.RealEstateProperties.Data", "RealPage.RealEstateProperties.Data\RealPage.RealEstateProperties.Data.csproj", "{70D98E2D-434B-487A-92C4-24441EB5C1BE}"
EndProject
Project("{FAE04EC0-301F-11D3-BF4B-00C04F79EFBC}") = "RealPage.RealEstateProperties.Entity", "RealPage.RealEstateProperties.Entity\RealPage.RealEstateProperties.Entity.csproj", "{5DBCD969-1E2C-42CE-9A73-CC1B97DA2A5A}"
EndProject
Global
	GlobalSection(SolutionConfigurationPlatforms) = preSolution
		Debug|Any CPU = Debug|Any CPU
		Release|Any CPU = Release|Any CPU
	EndGlobalSection
	GlobalSection(ProjectConfigurationPlatforms) = postSolution
		{0760736E-7F64-4D7F-A968-0EBD2DB4B91B}.Debug|Any CPU.ActiveCfg = Debug|Any CPU
		{0760736E-7F64-4D7F-A968-0EBD2DB4B91B}.Debug|Any CPU.Build.0 = Debug|Any CPU
		{0760736E-7F64-4D7F-A968-0EBD2DB4B91B}.Release|Any CPU.ActiveCfg = Release|Any CPU
		{0760736E-7F64-4D7F-A968-0EBD2DB4B91B}.Release|Any CPU.Build.0 = Release|Any CPU
		{ECA651A6-3016-4D88-A9A8-27AD60E799EB}.Debug|Any CPU.ActiveCfg = Debug|Any CPU
		{ECA651A6-3016-4D88-A9A8-27AD60E799EB}.Debug|Any CPU.Build.0 = Debug|Any CPU
		{ECA651A6-3016-4D88-A9A8-27AD60E799EB}.Release|Any CPU.ActiveCfg = Release|Any CPU
		{ECA651A6-3016-4D88-A9A8-27AD60E799EB}.Release|Any CPU.Build.0 = Release|Any CPU
		{70D98E2D-434B-487A-92C4-24441EB5C1BE}.Debug|Any CPU.ActiveCfg = Debug|Any CPU
		{70D98E2D-434B-487A-92C4-24441EB5C1BE}.Debug|Any CPU.Build.0 = Debug|Any CPU
		{70D98E2D-434B-487A-92C4-24441EB5C1BE}.Release|Any CPU.ActiveCfg = Release|Any CPU
		{70D98E2D-434B-487A-92C4-24441EB5C1BE}.Release|Any CPU.Build.0 = Release|Any CPU
		{5DBCD969-1E2C-42CE-9A73-CC1B97DA2A5A}.Debug|Any CPU.ActiveCfg = Debug|Any CPU
		{5DBCD969-1E2C-42CE-9A73-CC1B97DA2A5A}.Debug|Any CPU.Build.0 = Debug|Any CPU
		{5DBCD969-1E2C-42CE-9A73-CC1B97DA2A5A}.Release|Any CPU.ActiveCfg = Release|Any CPU
		{5DBCD969-1E2C-42CE-9A73-CC1B97DA2A5A}.Release|Any CPU.Build.0 = Release|Any CPU
	EndGlobalSection
	GlobalSection(SolutionProperties) = preSolution
		HideSolutionNode = FALSE
	EndGlobalSection
	GlobalSection(ExtensibilityGlobals) = postSolution
		SolutionGuid = {5C242647-9E19-4F6F-9F32-A44B2780F947}
	EndGlobalSection
EndGlobal
